{
  "object": {
    "pins": [
      {
        "package": "SwiftUIGenericDialog",
        "repositoryURL": "https://github.com/globulus/swiftui-generic-dialog/",
        "state": {
          "branch": null,
          "revision": "e7f1a107014c3767c4220f9cae1e57d5c9f8fa8b",
          "version": "1.0.1"
        }
      },
      {
        "package": "SwiftUIPullToRefresh",
        "repositoryURL": "https://github.com/globulus/swiftui-pull-to-refresh",
        "state": {
          "branch": null,
          "revision": "c0dea26161afb46d1160eb81eed6f85fbd5aba2b",
          "version": "1.1.4"
        }
      }
    ]
  },
  "version": 1
}
